# This lock file was generated by conda-lock (https://github.com/conda-incubator/conda-lock). DO NOT EDIT!
#
# A "lock file" contains a concrete list of package versions (with checksums) to be installed. Unlike
# e.g. `conda env create`, the resulting environment will not change as new package versions become
# available, unless you explicitly update the lock file.
#
# Install this environment as "YOURENV" with:
#     conda-lock install -n YOURENV --file conda-lock.yml
# To update a single package to the latest version compatible with the version constraints in the source:
#     conda-lock lock --lockfile conda-lock.yml --update PACKAGE
# To re-solve the entire environment, e.g. after changing a version constraint in the source file:
#     conda-lock -f /home/lpieri/PycharmProjects/myfuncondaproject/environment.yml --lockfile conda-lock.yml
metadata:
  channels:
  - url: conda-forge
    used_env_vars: []
  - url: defaults
    used_env_vars: []
  content_hash:
    linux-64: 1c354fb48feec5c81d6bdbb2eb0764cd4d458f8ff26ce6aef5b6d121ce19f121
  platforms:
  - linux-64
  sources:
  - /home/lpieri/PycharmProjects/myfuncondaproject/environment.yml
package:
- category: main
  dependencies: {}
  hash:
    md5: aeab635f2cfd266ff89877d8daa56435
    sha256: 476873c6289c3b7320b3fd6c0b31da67aa557abcf5c85a0583150ad4796cc575
  manager: conda
  name: _libgcc_mutex
  optional: false
  platform: linux-64
  url: https://conda.anaconda.org/conda-forge/linux-64/_libgcc_mutex-0.1-main.tar.bz2
  version: '0.1'
- category: main
  dependencies: {}
  hash:
    md5: 6d4c2a14b2bdebc9507442efbda8208e
    sha256: d7bff8f6f6662c1d35fb3b353635e574e1ee8b59dbef78626c398aac0872e9ca
  manager: conda
  name: ca-certificates
  optional: false
  platform: linux-64
  url: https://repo.anaconda.com/pkgs/main/linux-64/ca-certificates-2022.07.19-h06a4308_0.conda
  version: 2022.07.19
- category: main
  dependencies: {}
  hash:
    md5: 68eedfd9c06f2b0e6888d8db345b7f5b
    sha256: 0c7a6f340f4a9e15cc99b3c7e11f07c7670a9b881161739edd77753e5530fe31
  manager: conda
  name: ld_impl_linux-64
  optional: false
  platform: linux-64
  url: https://repo.anaconda.com/pkgs/main/linux-64/ld_impl_linux-64-2.38-h1181459_1.conda
  version: '2.38'
- category: main
  dependencies: {}
  hash:
    md5: 57623d10a70e09e1d048c2b2b6f4e2dd
    sha256: 4da22842de544990e623ed38dfd9b468cc26cc592a102e41bcf45c91bcce9aa2
  manager: conda
  name: libstdcxx-ng
  optional: false
  platform: linux-64
  url: https://repo.anaconda.com/pkgs/main/linux-64/libstdcxx-ng-11.2.0-h1234567_1.conda
  version: 11.2.0
- category: main
  dependencies: {}
  hash:
    md5: 84bcb22256029a3497ff713616d4fd2a
    sha256: 4a7e02d8728a00e51f4419ca4fe90f40b87b87407001623a0b978708f8153264
  manager: conda
  name: ripgrep
  optional: false
  platform: linux-64
  url: https://repo.anaconda.com/pkgs/main/linux-64/ripgrep-13.0.0-hbdeaff8_0.conda
  version: 13.0.0
- category: main
  dependencies: {}
  hash:
    md5: c10549a6463dbd5320b8015772d572cd
    sha256: 84293399cafca896377f650da8ae241a6a8c2788c608a776524dd2ab0cb8ada3
  manager: conda
  name: tzdata
  optional: false
  platform: linux-64
  url: https://repo.anaconda.com/pkgs/main/noarch/tzdata-2022c-h04d1e81_0.conda
  version: 2022c
- category: main
  dependencies:
    _libgcc_mutex: 0.1 main
  hash:
    md5: b372c0eea9b60732fdae4b817a63c8cd
    sha256: a1c6e599df45e116af81c36ec4c9efb1793fa3a0b854dd90dd6c8813cd476e90
  manager: conda
  name: libgomp
  optional: false
  platform: linux-64
  url: https://repo.anaconda.com/pkgs/main/linux-64/libgomp-11.2.0-h1234567_1.conda
  version: 11.2.0
- category: main
  dependencies:
    _libgcc_mutex: 0.1 main
    libgomp: '>=7.5.0'
  hash:
    md5: 71d281e9c2192cb3fa425655a8defb85
    sha256: 576011048d23f2e03372263493c5529f802286ff53e8426df99a5b11cc2572f3
  manager: conda
  name: _openmp_mutex
  optional: false
  platform: linux-64
  url: https://repo.anaconda.com/pkgs/main/linux-64/_openmp_mutex-5.1-1_gnu.conda
  version: '5.1'
- category: main
  dependencies:
    _libgcc_mutex: '* main'
    _openmp_mutex: ''
  hash:
    md5: a87728dabf3151fb9cfa990bd2eb0464
    sha256: cdcce11f1c6ca57ba686ab92f3a5c122efe1e0630e00c6ad275624ce79008aa7
  manager: conda
  name: libgcc-ng
  optional: false
  platform: linux-64
  url: https://repo.anaconda.com/pkgs/main/linux-64/libgcc-ng-11.2.0-h1234567_1.conda
  version: 11.2.0
- category: main
  dependencies:
    libgcc-ng: '>=7.3.0'
  hash:
    md5: 9303f4af7c004e069bae22bde8d800ee
    sha256: d3fa503351a53692866182a3819fb28d105e32c25d177bf6a9444c4153215e0d
  manager: conda
  name: bzip2
  optional: false
  platform: linux-64
  url: https://repo.anaconda.com/pkgs/main/linux-64/bzip2-1.0.8-h7b6447c_0.conda
  version: 1.0.8
- category: main
  dependencies:
    libgcc-ng: '>=10.3.0'
    libstdcxx-ng: '>=10.3.0'
  hash:
    md5: e1b07832504eeba765d648389cc387a9
    sha256: 0db0e8690f8f7f4543d81e612947962b61518c61036bf7bdb53146f64dfca852
  manager: conda
  name: expat
  optional: false
  platform: linux-64
  url: https://conda.anaconda.org/conda-forge/linux-64/expat-2.4.8-h27087fc_0.tar.bz2
  version: 2.4.8
- category: main
  dependencies:
    libgcc-ng: '>=7.3.0'
    libstdcxx-ng: '>=7.3.0'
  hash:
    md5: 48cc14d5ad1a9bcd8dac17211a8deb8b
    sha256: fdf7a480fcb598d164cbd28d3ce015d7de52db30f76faf7a15fbb8bbc7b8c5af
  manager: conda
  name: icu
  optional: false
  platform: linux-64
  url: https://repo.anaconda.com/pkgs/main/linux-64/icu-58.2-he6710b0_3.conda
  version: '58.2'
- category: main
  dependencies:
    libgcc-ng: '>=7.3.0'
    libstdcxx-ng: '>=7.3.0'
  hash:
    md5: 88a54b8f50e351c650e16f4ee781440c
    sha256: 2cef7c80db19e83a38b6e02110f0e9828d3ef4045c38791d5b01006c44529093
  manager: conda
  name: libffi
  optional: false
  platform: linux-64
  url: https://repo.anaconda.com/pkgs/main/linux-64/libffi-3.3-he6710b0_2.conda
  version: '3.3'
- category: main
  dependencies:
    libgcc-ng: '>=7.5.0'
    libstdcxx-ng: '>=7.5.0'
  hash:
    md5: c4f381cc194375e3cc5b8b226c34f55d
    sha256: be3df8763e2940274a2a991bbf2854a0a7b77cc012c3592add73d16252c395f7
  manager: conda
  name: liblief
  optional: false
  platform: linux-64
  url: https://repo.anaconda.com/pkgs/main/linux-64/liblief-0.11.5-h295c915_1.conda
  version: 0.11.5
- category: main
  dependencies:
    libgcc-ng: '>=7.5.0'
  hash:
    md5: 6c4c9e96bfa4744d4839b9ed128e1114
    sha256: 78e174d87231225fd813bd13b281cf249e59d21cc32fb7717473c4f65163af1b
  manager: conda
  name: libuuid
  optional: false
  platform: linux-64
  url: https://repo.anaconda.com/pkgs/main/linux-64/libuuid-1.0.3-h7f8727e_2.conda
  version: 1.0.3
- category: main
  dependencies:
    libgcc-ng: '>=7.5.0'
    libstdcxx-ng: '>=7.5.0'
  hash:
    md5: d9bd18f73ff566e08add10a54a3463cf
    sha256: e37c0efa15afddeaa329a76add1c657787efba334002b31449a3996175215330
  manager: conda
  name: lz4-c
  optional: false
  platform: linux-64
  url: https://repo.anaconda.com/pkgs/main/linux-64/lz4-c-1.9.3-h295c915_1.conda
  version: 1.9.3
- category: main
  dependencies:
    libgcc-ng: '>=11.2.0'
  hash:
    md5: 0c616f387885c1bbb57ec0bd1e779ced
    sha256: 4ce599f76d1e2704209eee1f6b1a05a8a5a679ae7bb02c2bab915cf6d694196f
  manager: conda
  name: ncurses
  optional: false
  platform: linux-64
  url: https://repo.anaconda.com/pkgs/main/linux-64/ncurses-6.3-h5eee18b_3.conda
  version: '6.3'
- category: main
  dependencies:
    ca-certificates: ''
    libgcc-ng: '>=7.5.0'
  hash:
    md5: 2ac47797afee2ece8d339c18b095b8d8
    sha256: 49804293b87141523b2606836ece8e2aaa5202983698fd91e7c36bdb8c8a8de5
  manager: conda
  name: openssl
  optional: false
  platform: linux-64
  url: https://repo.anaconda.com/pkgs/main/linux-64/openssl-1.1.1q-h7f8727e_0.conda
  version: 1.1.1q
- category: main
  dependencies:
    libgcc-ng: '>=7.3.0'
  hash:
    md5: 5a47ace7ef08447fe6a602ff16129393
    sha256: eadc5b8a783adba6c0d39d2f270b180632f22d4330c93a5700b1bddc01905216
  manager: conda
  name: patch
  optional: false
  platform: linux-64
  url: https://repo.anaconda.com/pkgs/main/linux-64/patch-2.7.6-h7b6447c_1001.conda
  version: 2.7.6
- category: main
  dependencies:
    libgcc-ng: '>=7.5.0'
    libstdcxx-ng: '>=7.5.0'
  hash:
    md5: 546bd64a8cbb7d261fd1e5236cac9369
    sha256: 301dcada573a92c860d3deb5669fd9ac211c37cf66f24c5492ef228ed1aa8f85
  manager: conda
  name: patchelf
  optional: false
  platform: linux-64
  url: https://repo.anaconda.com/pkgs/main/linux-64/patchelf-0.13-h295c915_0.conda
  version: '0.13'
- category: main
  dependencies:
    libgcc-ng: '>=9.3.0'
    libstdcxx-ng: '>=9.3.0'
  hash:
    md5: c05d1820a6d34ff07aaaab7a9b7eddaa
    sha256: 8f35c244b1631a4f31fb1d66ab6e1d9bfac0ca9b679deced1112c7225b3ad138
  manager: conda
  name: pcre
  optional: false
  platform: linux-64
  url: https://conda.anaconda.org/conda-forge/linux-64/pcre-8.45-h9c3ff4c_0.tar.bz2
  version: '8.45'
- category: main
  dependencies:
    libgcc-ng: '>=7.5.0'
  hash:
    md5: 5d01fcf310bf465237f6b95a019d73bc
    sha256: 3aebdee7910426ecbecd5e67c3759dfb68d21c9d24c0f093ccbdda42cc23b23c
  manager: conda
  name: xz
  optional: false
  platform: linux-64
  url: https://repo.anaconda.com/pkgs/main/linux-64/xz-5.2.5-h7f8727e_1.conda
  version: 5.2.5
- category: main
  dependencies:
    libgcc-ng: '>=7.3.0'
  hash:
    md5: 39fdbf4db769e494ffb06d95680c83d8
    sha256: e22753e19432d606139f7a604757839d265dff93345226ba0732676526870e28
  manager: conda
  name: yaml
  optional: false
  platform: linux-64
  url: https://repo.anaconda.com/pkgs/main/linux-64/yaml-0.2.5-h7b6447c_0.conda
  version: 0.2.5
- category: main
  dependencies:
    libgcc-ng: '>=11.2.0'
  hash:
    md5: 2b51a6917fb98080e5fd3c34f8721ad8
    sha256: 03cc9bf6d6a490866b1a31b34cb50cf4846167a55d4511c123e8a6ac5e4c435f
  manager: conda
  name: zlib
  optional: false
  platform: linux-64
  url: https://repo.anaconda.com/pkgs/main/linux-64/zlib-1.2.12-h5eee18b_3.conda
  version: 1.2.12
- category: main
  dependencies:
    libffi: '>=3.3,<3.4.0a0'
    libgcc-ng: '>=7.5.0'
    libstdcxx-ng: '>=7.5.0'
    pcre: '>=8.45,<9.0a0'
    zlib: '>=1.2.11,<1.3.0a0'
  hash:
    md5: 4c3eae7c0b8b1c8fb3046a0740313bbf
    sha256: ff780e0972134a6395d7e17cd74094a275c11d67538a99fc0cac31b8e09f266b
  manager: conda
  name: glib
  optional: false
  platform: linux-64
  url: https://repo.anaconda.com/pkgs/main/linux-64/glib-2.69.1-h4ff587b_1.conda
  version: 2.69.1
- category: main
  dependencies:
    icu: '>=58.2,<59.0a0'
    libgcc-ng: '>=7.5.0'
    xz: '>=5.2.5,<6.0a0'
    zlib: '>=1.2.12,<1.3.0a0'
  hash:
    md5: 2eafeb1cb5f00b034d150f3d70436e52
    sha256: 9863bcc7b1ab7cc3dfeb8206eeae135953f3712892a8a7d5151358a0342772e6
  manager: conda
  name: libxml2
  optional: false
  platform: linux-64
  url: https://repo.anaconda.com/pkgs/main/linux-64/libxml2-2.9.14-h74e7548_0.conda
  version: 2.9.14
- category: main
  dependencies:
    libgcc-ng: '>=7.5.0'
    ncurses: '>=6.3,<7.0a0'
  hash:
    md5: ea33f478fea12406f394944e7e4f3d20
    sha256: ab74641903ecb92f45c392cffe5bbb712208854c6ea20ab86b65dd4dfc1b1beb
  manager: conda
  name: readline
  optional: false
  platform: linux-64
  url: https://repo.anaconda.com/pkgs/main/linux-64/readline-8.1.2-h7f8727e_1.conda
  version: 8.1.2
- category: main
  dependencies:
    libgcc-ng: '>=7.5.0'
    zlib: '>=1.2.12,<1.3.0a0'
  hash:
    md5: fa10ff4aa631fa4aa090a6234d7770b9
    sha256: 566579b236dff05c97b56857a808e192f2b7d420dad728b3d7e95fb553a3ce02
  manager: conda
  name: tk
  optional: false
  platform: linux-64
  url: https://repo.anaconda.com/pkgs/main/linux-64/tk-8.6.12-h1ccaba5_0.conda
  version: 8.6.12
- category: main
  dependencies:
    libgcc-ng: '>=7.5.0'
    libstdcxx-ng: '>=7.5.0'
    lz4-c: '>=1.9.3,<1.10.0a0'
    xz: '>=5.2.5,<6.0a0'
    zlib: '>=1.2.12,<1.3.0a0'
  hash:
    md5: 0e926a5f2e02fe4a9376ece4b732ce36
    sha256: 3f08f483c6bf3da94eb02e5a5fe2add95ca67396f7c1c13e2f0b2864b9bef91b
  manager: conda
  name: zstd
  optional: false
  platform: linux-64
  url: https://repo.anaconda.com/pkgs/main/linux-64/zstd-1.5.2-ha4553b6_0.conda
  version: 1.5.2
- category: main
  dependencies:
    expat: '>=2.2.10,<3.0a0'
    glib: ''
    libgcc-ng: '>=7.3.0'
  hash:
    md5: 6a6a6f1391f807847404344489ef6cf4
    sha256: 33cffa33d77d6bfa4e157322e188d82deb904efe1bc867d1ee08fcee9275b8ab
  manager: conda
  name: dbus
  optional: false
  platform: linux-64
  url: https://repo.anaconda.com/pkgs/main/linux-64/dbus-1.13.18-hb2f20db_0.conda
  version: 1.13.18
- category: main
  dependencies:
    bzip2: '>=1.0.8,<2.0a0'
    libgcc-ng: '>=11.2.0'
    libxml2: '>=2.9.14,<2.10.0a0'
    lz4-c: '>=1.9.3,<1.10.0a0'
    openssl: '>=1.1.1q,<1.1.2a'
    xz: '>=5.2.5,<6.0a0'
    zlib: '>=1.2.12,<1.3.0a0'
    zstd: '>=1.5.2,<1.6.0a0'
  hash:
    md5: ae2013162e22fe50c3f880290bc8b7ea
    sha256: 29b896af81a61ec3609b8f3b692850397f1da1ef45df1dc8c724569130cd319f
  manager: conda
  name: libarchive
  optional: false
  platform: linux-64
  url: https://repo.anaconda.com/pkgs/main/linux-64/libarchive-3.6.1-hab531cd_0.conda
  version: 3.6.1
- category: main
  dependencies:
    libgcc-ng: '>=11.2.0'
    readline: '>=8.0,<9.0a0'
    zlib: '>=1.2.12,<1.3.0a0'
  hash:
    md5: 094229a2e1eff038c38f3c34db9c48ce
    sha256: 62a4ac40a681d00f6fda2b812796dc7224b8a0d77e5dcf4a9c6e199b805ade6a
  manager: conda
  name: sqlite
  optional: false
  platform: linux-64
  url: https://repo.anaconda.com/pkgs/main/linux-64/sqlite-3.39.2-h5082296_0.conda
  version: 3.39.2
- category: main
  dependencies:
    bzip2: '>=1.0.8,<2.0a0'
    ld_impl_linux-64: ''
    libffi: '>=3.3,<3.4.0a0'
    libgcc-ng: '>=7.5.0'
    libuuid: '>=1.0.3,<2.0a0'
    ncurses: '>=6.3,<7.0a0'
    openssl: '>=1.1.1n,<1.1.2a'
    readline: '>=8.0,<9.0a0'
    sqlite: '>=3.38.0,<4.0a0'
    tk: '>=8.6.11,<8.7.0a0'
    tzdata: ''
    xz: '>=5.2.5,<6.0a0'
    zlib: '>=1.2.11,<1.3.0a0'
  hash:
    md5: f931504bb2eeaf18f20388fd0ad44be4
    sha256: 3ac2d9165dbc89e4b309a2fa192c01f7e65a2fd47fad588bad44c66c19ad9af8
  manager: conda
  name: python
  optional: false
  platform: linux-64
  url: https://repo.anaconda.com/pkgs/main/linux-64/python-3.10.4-h12debd9_0.tar.bz2
  version: 3.10.4
- category: main
  dependencies:
    python: ''
  hash:
    md5: 5f095bc6454094e96f146491fd03633b
    sha256: ae9fb8f68281f84482f2c234379aa12405a9e365151d43af20b3ae1f17312111
  manager: conda
  name: appdirs
  optional: false
  platform: linux-64
  url: https://conda.anaconda.org/conda-forge/noarch/appdirs-1.4.4-pyh9f0ad1d_0.tar.bz2
  version: 1.4.4
- category: main
  dependencies:
    python: ''
  hash:
    md5: 808c46dc56ae4a796830129aaf1b51ec
    sha256: 468b68a9e8714bf21ee2df551b919df28122f32e57033aafe50288fdfb7c4955
  manager: conda
  name: cachy
  optional: false
  platform: linux-64
  url: https://conda.anaconda.org/conda-forge/noarch/cachy-0.3.0-py_0.tar.bz2
  version: 0.3.0
- category: main
  dependencies:
    python: '>=3.7'
  hash:
    md5: a7fa4e45a097ccca6b097f097800a7f6
    sha256: 3953f7ead26d7144abff048fd1e42913d35b7645aa9d1ddea70c41793539a824
  manager: conda
  name: certifi
  optional: false
  platform: linux-64
  url: https://conda.anaconda.org/conda-forge/noarch/certifi-2022.6.15.1-pyhd8ed1ab_0.tar.bz2
  version: 2022.6.15.1
- category: main
  dependencies:
    python: '>=3.10,<3.11.0a0'
  hash:
    md5: 29ec302e607a23642d21c1ae323757b9
    sha256: bba440a7eeda2be19a661b5bc79434cf9923c5e5c3db714b74778a19de7596b4
  manager: conda
  name: chardet
  optional: false
  platform: linux-64
  url: https://repo.anaconda.com/pkgs/main/linux-64/chardet-4.0.0-py310h06a4308_1003.conda
  version: 4.0.0
- category: main
  dependencies:
    python: '>=3.5'
  hash:
    md5: e7a441d94234b2b5fafee06e25dbf076
    sha256: b39aea12bf02654cdd0094c79bfa6edbc8d054787f6e2d0b96d403cd4ba4cc0d
  manager: conda
  name: charset-normalizer
  optional: false
  platform: linux-64
  url: https://repo.anaconda.com/pkgs/main/noarch/charset-normalizer-2.0.4-pyhd3eb1b0_0.conda
  version: 2.0.4
- category: main
  dependencies:
    python: '>=3.6,<4.0'
  hash:
    md5: b8477552274c1cfdb533e954c76523f1
    sha256: af1db267e03c649aefcc1571ddce4eac361a0e5232d1bdd05fd93fadbfdd2da6
  manager: conda
  name: crashtest
  optional: false
  platform: linux-64
  url: https://conda.anaconda.org/conda-forge/noarch/crashtest-0.3.1-pyhd8ed1ab_0.tar.bz2
  version: 0.3.1
- category: main
  dependencies:
    python: 2.7|>=3.6
  hash:
    md5: f15c3912378a07726093cc94d1e13251
    sha256: fe48fec5aeb77e5963ffb58de6fbb880eb545bbe25c609f614e39c56e4a193a6
  manager: conda
  name: distlib
  optional: false
  platform: linux-64
  url: https://conda.anaconda.org/conda-forge/noarch/distlib-0.3.5-pyhd8ed1ab_0.tar.bz2
  version: 0.3.5
- category: main
  dependencies:
    python: '>=3.7'
  hash:
    md5: 527be2ebbc60c0de6533ce33132ce303
    sha256: c73632a2f1b916a7f21a0aac4e8bed971bff9baa665f46e0674f3f5d8c304dc1
  manager: conda
  name: filelock
  optional: false
  platform: linux-64
  url: https://repo.anaconda.com/pkgs/main/noarch/filelock-3.6.0-pyhd3eb1b0_0.conda
  version: 3.6.0
- category: main
  dependencies:
    python: ''
  hash:
    md5: bdf20ceeffa1bcfe549ec6400afe0426
    sha256: a5b9ff25ab2e2f78ac8b2c3fa2a35188626f2c1f70994850c568e68c791c8845
  manager: conda
  name: glob2
  optional: false
  platform: linux-64
  url: https://repo.anaconda.com/pkgs/main/noarch/glob2-0.7-pyhd3eb1b0_0.tar.bz2
  version: '0.7'
- category: main
  dependencies:
    python: '>=3.5'
  hash:
    md5: 8f43a528cf83b43af38a4d142fa38b8a
    sha256: 2214ad8a3c5f0afc3c13ced28dd1961b98ff780b4e8562357a85c243e7fe678e
  manager: conda
  name: idna
  optional: false
  platform: linux-64
  url: https://repo.anaconda.com/pkgs/main/noarch/idna-3.3-pyhd3eb1b0_0.conda
  version: '3.3'
- category: main
  dependencies:
    python: '>=3.7'
  hash:
    md5: 9800ad1699b42612478755a2d26c722d
    sha256: 16639759b811866d63315fe1391f6fb45f5478b823972f4d3d9f0392b7dd80b8
  manager: conda
  name: jeepney
  optional: false
  platform: linux-64
  url: https://conda.anaconda.org/conda-forge/noarch/jeepney-0.8.0-pyhd8ed1ab_0.tar.bz2
  version: 0.8.0
- category: main
  dependencies:
    python: ''
  hash:
    md5: c104d98e09c47519950cffb8dd5b4f10
    sha256: d3a68045ef74a2a7b8c8a55b242fdbc875d362e37adcf793613cf0d8c8e4fbf7
  manager: conda
  name: lockfile
  optional: false
  platform: linux-64
  url: https://conda.anaconda.org/conda-forge/noarch/lockfile-0.12.2-py_1.tar.bz2
  version: 0.12.2
- category: main
  dependencies:
    libgcc-ng: '>=7.5.0'
    python: '>=3.10,<3.11.0a0'
  hash:
    md5: e763090241ff8bbb5aa1f4e60f027ff5
    sha256: b9e1a3856faf77b6d3c89c9e26522c285baf9911989e967aff1cd21f67adfb62
  manager: conda
  name: markupsafe
  optional: false
  platform: linux-64
  url: https://repo.anaconda.com/pkgs/main/linux-64/markupsafe-2.0.1-py310h7f8727e_0.conda
  version: 2.0.1
- category: main
  dependencies:
    python: '>=3.6'
  hash:
    md5: f6dfba59b0021f654e55c226634f39d4
    sha256: 9ad66a1d52da6f4bcdb832539e15762b72e1c75c7c32461be6e02c2da53c02d3
  manager: conda
  name: more-itertools
  optional: false
  platform: linux-64
  url: https://conda.anaconda.org/conda-forge/noarch/more-itertools-8.14.0-pyhd8ed1ab_0.tar.bz2
  version: 8.14.0
- category: main
  dependencies:
    python: '>=2.7'
  hash:
    md5: a4eea5bff523f26442405bc5d1f52adb
    sha256: 9153f0f38c76a09da7688a61fdbf8f3d7504e2326bef53e4ec20d994311b15bd
  manager: conda
  name: pastel
  optional: false
  platform: linux-64
  url: https://conda.anaconda.org/conda-forge/noarch/pastel-0.2.1-pyhd8ed1ab_0.tar.bz2
  version: 0.2.1
- category: main
  dependencies:
    python: '>=3.6'
  hash:
    md5: 7bec61c8f60b7a74dc1abc743115edfe
    sha256: 6a1b58681b945cc8a115ddb6c41073a955dedd4612d0de77f652b59e8d0c8bb3
  manager: conda
  name: pkginfo
  optional: false
  platform: linux-64
  url: https://repo.anaconda.com/pkgs/main/noarch/pkginfo-1.8.2-pyhd3eb1b0_0.conda
  version: 1.8.2
- category: main
  dependencies:
    python: '>=3.7'
  hash:
    md5: 2fb3f88922e7aec26ba652fcdfe13950
    sha256: a46843e317318405a8c66b640e7ad0c95d2f536918faa4f36cdfcda852000bcd
  manager: conda
  name: platformdirs
  optional: false
  platform: linux-64
  url: https://conda.anaconda.org/conda-forge/noarch/platformdirs-2.5.2-pyhd8ed1ab_1.tar.bz2
  version: 2.5.2
- category: main
  dependencies:
    libgcc-ng: '>=11.2.0'
    python: '>=3.10,<3.11.0a0'
  hash:
    md5: b48c5c1b4198a08f61426140a29254fc
    sha256: 7d1dfdf5a62eda9ae0e32ce0de3cbc43b94020ef0ea99cc55d7caa0568a1dc01
  manager: conda
  name: psutil
  optional: false
  platform: linux-64
  url: https://repo.anaconda.com/pkgs/main/linux-64/psutil-5.9.0-py310h5eee18b_0.conda
  version: 5.9.0
- category: main
  dependencies:
    python: ''
  hash:
    md5: 359eeb6536da0e687af562ed265ec263
    sha256: fb31e006a25eb2e18f3440eb8d17be44c8ccfae559499199f73584566d0a444a
  manager: conda
  name: ptyprocess
  optional: false
  platform: linux-64
  url: https://conda.anaconda.org/conda-forge/noarch/ptyprocess-0.7.0-pyhd3deb0d_0.tar.bz2
  version: 0.7.0
- category: main
  dependencies:
    libgcc-ng: '>=7.5.0'
    liblief: 0.11.5 h295c915_1
    libstdcxx-ng: '>=7.5.0'
    python: '>=3.10,<3.11.0a0'
  hash:
    md5: 3b06ec404a12ea894717d4acd4a4f28a
    sha256: bf10c0d64a59b59fb8638eb4e2d19b3b79061d261f59aefc266098dfeaf7a307
  manager: conda
  name: py-lief
  optional: false
  platform: linux-64
  url: https://repo.anaconda.com/pkgs/main/linux-64/py-lief-0.11.5-py310h295c915_1.conda
  version: 0.11.5
- category: main
  dependencies:
    libgcc-ng: '>=7.5.0'
    python: '>=3.10,<3.11.0a0'
  hash:
    md5: 80ba1057540675a3cac666ebd439e924
    sha256: 7c15870e6c5d0fcac011760718e3738f2774f4e0cd4daddd8d7e7f5e6d70cb99
  manager: conda
  name: pycosat
  optional: false
  platform: linux-64
  url: https://repo.anaconda.com/pkgs/main/linux-64/pycosat-0.6.3-py310h7f8727e_0.conda
  version: 0.6.3
- category: main
  dependencies:
    python: '>=3.6'
  hash:
    md5: 135a72ff2a31150a3a3ff0b1edd41ca9
    sha256: 4405b5aeff26863972c82e8b54d09f88cd084f70e01e4343107b2676ffbeab57
  manager: conda
  name: pycparser
  optional: false
  platform: linux-64
  url: https://repo.anaconda.com/pkgs/main/noarch/pycparser-2.21-pyhd3eb1b0_0.conda
  version: '2.21'
- category: main
  dependencies:
    python: '>=3.3'
  hash:
    md5: edf8651c4379d9d1495ad6229622d150
    sha256: 50bd91767686bfe769e50a5a1b883e238d944a6163fea43e7c0beaac54ca674f
  manager: conda
  name: pylev
  optional: false
  platform: linux-64
  url: https://conda.anaconda.org/conda-forge/noarch/pylev-1.4.0-pyhd8ed1ab_0.tar.bz2
  version: 1.4.0
- category: main
  dependencies:
    python: '>=3.6'
  hash:
    md5: e8fbc1b54b25f4b08281467bc13b70cc
    sha256: 4acc7151cef5920d130f2e0a7615559cce8bfb037aeecb14d4d359ae3d9bc51b
  manager: conda
  name: pyparsing
  optional: false
  platform: linux-64
  url: https://conda.anaconda.org/conda-forge/noarch/pyparsing-3.0.9-pyhd8ed1ab_0.tar.bz2
  version: 3.0.9
- category: main
  dependencies:
    python: '>=3.10,<3.11.0a0'
  hash:
    md5: b0753810caadcd4a550c833f87fb3866
    sha256: 4ae4c13a181087485244bfdfe3cee8d3e69ca53d87f3f3fe30f2874b833359b3
  manager: conda
  name: pysocks
  optional: false
  platform: linux-64
  url: https://repo.anaconda.com/pkgs/main/linux-64/pysocks-1.7.1-py310h06a4308_0.conda
  version: 1.7.1
- category: main
  dependencies:
    libarchive: ''
    python: ''
  hash:
    md5: 4b33c603892dbf54546afc1bc0122a56
    sha256: 2d613babca6e61265a16f183fec6fa97bb7e5be23139077c7efe2c730bf7bcb3
  manager: conda
  name: python-libarchive-c
  optional: false
  platform: linux-64
  url: https://repo.anaconda.com/pkgs/main/noarch/python-libarchive-c-2.9-pyhd3eb1b0_1.conda
  version: '2.9'
- category: main
  dependencies:
    python: 3.10.*
  hash:
    md5: 9e7160cd0d865e98f6803f1fe15c8b61
    sha256: e7e52aaec7cba6e17e45d731f9d38ede007aea0d72aee66670ab71016f5783ed
  manager: conda
  name: python_abi
  optional: false
  platform: linux-64
  url: https://conda.anaconda.org/conda-forge/linux-64/python_abi-3.10-2_cp310.tar.bz2
  version: '3.10'
- category: main
  dependencies:
    python: '>=3.10,<3.11.0a0'
  hash:
    md5: fe274cb50d173dd987bed53af47f97bf
    sha256: 9743b8e6a710464c5dee046763735caf5cecdd75355b2dc9ec41c9cd416df066
  manager: conda
  name: pytz
  optional: false
  platform: linux-64
  url: https://repo.anaconda.com/pkgs/main/linux-64/pytz-2022.1-py310h06a4308_0.conda
  version: '2022.1'
- category: main
  dependencies:
    libgcc-ng: '>=7.5.0'
    python: '>=3.10,<3.11.0a0'
    yaml: '>=0.2.5,<0.3.0a0'
  hash:
    md5: 2eb7fe64858ceaa6fce4e416a1ddb93b
    sha256: b4f525237005ebb2dab137925bb17f86dc341ba37a55648d15c8f92b5a5e68dc
  manager: conda
  name: ruamel_yaml
  optional: false
  platform: linux-64
  url: https://repo.anaconda.com/pkgs/main/linux-64/ruamel_yaml-0.15.100-py310h7f8727e_0.conda
  version: 0.15.100
- category: main
  dependencies:
    python: '>=3.6'
  hash:
    md5: 65bacdee3cac51e49f45d530bbd5e90f
    sha256: 5e00e61916a46c1857871adec258952a50a86542883bcbaa1f1df572bd51e786
  manager: conda
  name: shellingham
  optional: false
  platform: linux-64
  url: https://conda.anaconda.org/conda-forge/noarch/shellingham-1.5.0-pyhd8ed1ab_0.tar.bz2
  version: 1.5.0
- category: main
  dependencies:
    python: ''
  hash:
    md5: 34586824d411d36af2fa40e799c172d0
    sha256: 71c97b4ddc3d19ed41bfa1a2d40f620f96b4d46f097dc48ab115b36640f7df0a
  manager: conda
  name: six
  optional: false
  platform: linux-64
  url: https://repo.anaconda.com/pkgs/main/noarch/six-1.16.0-pyhd3eb1b0_1.conda
  version: 1.16.0
- category: main
  dependencies:
    python: '>=3.6'
  hash:
    md5: 4794d40136a3432a241ff1454d2ac99c
    sha256: 0100f34ea55540bfbd643cbbee5828dd184ef543c05601a3400e9594d083f56e
  manager: conda
  name: soupsieve
  optional: false
  platform: linux-64
  url: https://repo.anaconda.com/pkgs/main/noarch/soupsieve-2.3.1-pyhd3eb1b0_0.conda
  version: 2.3.1
- category: main
  dependencies:
    python: '>=2.7'
  hash:
    md5: cda05f5f6d8509529d1a2743288d197a
    sha256: c50b132439b0260e4b43649ce30171a4792e186c6f3d657e5936578d4ee3fc56
  manager: conda
  name: toml
  optional: false
  platform: linux-64
  url: https://repo.anaconda.com/pkgs/main/noarch/toml-0.10.2-pyhd3eb1b0_0.conda
  version: 0.10.2
- category: main
  dependencies:
    python: '>=3.5'
  hash:
    md5: 9fedc09c1ff4c9bc22695093c1ecd335
    sha256: 706678943282f24560c5aae936f78f061ffb289cec5cfcf545fcc64f0d7ee5b0
  manager: conda
  name: toolz
  optional: false
  platform: linux-64
  url: https://repo.anaconda.com/pkgs/main/noarch/toolz-0.11.2-pyhd3eb1b0_0.conda
  version: 0.11.2
- category: main
  dependencies:
    python: '>=3.10,<3.11.0a0'
  hash:
    md5: 5628b605bd8f24c75b3e9e0c2ec8e04c
    sha256: 2914fe1c3acfdc68d5843f114ac2497d3b073484bd14f527f6fc33ff5680a31d
  manager: conda
  name: tqdm
  optional: false
  platform: linux-64
  url: https://repo.anaconda.com/pkgs/main/linux-64/tqdm-4.64.0-py310h06a4308_0.conda
  version: 4.64.0
- category: main
  dependencies:
    python: '>=3'
  hash:
    md5: e6573ac68718f17b9d4f5c8eda3190f2
    sha256: ec1cfe0b7dc55a22223562cad799e0b16d122dab611c9923b6068d27a784ba2f
  manager: conda
  name: typing
  optional: false
  platform: linux-64
  url: https://conda.anaconda.org/conda-forge/noarch/typing-3.10.0.0-pyhd8ed1ab_0.tar.bz2
  version: 3.10.0.0
- category: main
  dependencies:
    python: '>=3.7'
  hash:
    md5: a9d85960bc62d53cc4ea0d1d27f73c98
    sha256: 1fe5b48aa997616a7537de4d05c0b7fd11b712895e35493cac7604e8d5f97ad7
  manager: conda
  name: typing_extensions
  optional: false
  platform: linux-64
  url: https://conda.anaconda.org/conda-forge/noarch/typing_extensions-4.3.0-pyha770c72_0.tar.bz2
  version: 4.3.0
- category: main
  dependencies:
    python: ''
  hash:
    md5: 3563be4c5611a44210d9ba0c16113136
    sha256: 302f4f4bd1ad00c0be1426ecf6bb01db59cfd8aff3de0cf1596526dca1a6b70e
  manager: conda
  name: webencodings
  optional: false
  platform: linux-64
  url: https://conda.anaconda.org/conda-forge/noarch/webencodings-0.5.1-py_1.tar.bz2
  version: 0.5.1
- category: main
  dependencies:
    python: ''
  hash:
    md5: ab85e96e26da8d5797c2458232338b86
    sha256: d3f762f14aff275613ef8d0df2b1e608e8174960da05a1815f36e70cd62aaae9
  manager: conda
  name: wheel
  optional: false
  platform: linux-64
  url: https://repo.anaconda.com/pkgs/main/noarch/wheel-0.37.1-pyhd3eb1b0_0.conda
  version: 0.37.1
- category: main
  dependencies:
    python: '>=3.10,<3.11.0a0'
    soupsieve: '>=1.2'
  hash:
    md5: 859a38644a6d4003d00276e11d5f1d5b
    sha256: e81aa1386c787b65ce15926be815418009c015fde50da24ba12f7386637d49cb
  manager: conda
  name: beautifulsoup4
  optional: false
  platform: linux-64
  url: https://repo.anaconda.com/pkgs/main/linux-64/beautifulsoup4-4.11.1-py310h06a4308_0.conda
  version: 4.11.1
- category: main
  dependencies:
    libffi: '>=3.3'
    libgcc-ng: '>=11.2.0'
    pycparser: ''
    python: '>=3.10,<3.11.0a0'
  hash:
    md5: c47907709f029aaadcbc15abb1c28e41
    sha256: 746b21967a3fb8fd16c1ab7c40b44774ff9415ceb17815789cc00a3a9d04c178
  manager: conda
  name: cffi
  optional: false
  platform: linux-64
  url: https://repo.anaconda.com/pkgs/main/linux-64/cffi-1.15.1-py310h74dc2b5_0.conda
  version: 1.15.1
- category: main
  dependencies:
    python: '>=3.10,<3.11.0a0'
    python_abi: 3.10.* *_cp310
  hash:
    md5: a09e14173c5ded52ef7917b249c9280e
    sha256: b50200f56b94fab33fe5ecf095f1afb5be7c00c4bf725c4acdba98c37e6c3a33
  manager: conda
  name: click
  optional: false
  platform: linux-64
  url: https://conda.anaconda.org/conda-forge/linux-64/click-8.1.3-py310hff52083_0.tar.bz2
  version: 8.1.3
- category: main
  dependencies:
    crashtest: '>=0.3.0,<0.4.0'
    pastel: '>=0.2.0,<0.3.0'
    pylev: '>=1.3,<2.0'
    python: ''
  hash:
    md5: 159273f717a11e53b2656f8b6521a5e2
    sha256: 59b5c9ea3415e45e1beb1c191e3a0bf0dcca92c200a184704ea55002d1ef535c
  manager: conda
  name: clikit
  optional: false
  platform: linux-64
  url: https://conda.anaconda.org/conda-forge/noarch/clikit-0.6.2-pyh9f0ad1d_0.tar.bz2
  version: 0.6.2
- category: main
  dependencies:
    libgcc-ng: '>=7.5.0'
    python: '>=3.10,<3.11.0a0'
    tqdm: ''
  hash:
    md5: cbb591ef98a2dcbb8d5ace51cb0523ac
    sha256: 28dbd1d345bc243cc71aa234cddb719a0a81ddd630f1ed71831b44826204b206
  manager: conda
  name: conda-package-handling
  optional: false
  platform: linux-64
  url: https://repo.anaconda.com/pkgs/main/linux-64/conda-package-handling-1.8.1-py310h7f8727e_0.conda
  version: 1.8.1
- category: main
  dependencies:
    libgcc-ng: '>=7.5.0'
    python: '>=3.10,<3.11.0a0'
    toolz: '>=0.10.0'
  hash:
    md5: 2e69242dd82565b6c846108144858b56
    sha256: 636b74d13b4ce5da52f16497167b1e5ba61010bf89a2e0a8108d1daa67ec3190
  manager: conda
  name: cytoolz
  optional: false
  platform: linux-64
  url: https://repo.anaconda.com/pkgs/main/linux-64/cytoolz-0.11.0-py310h7f8727e_0.conda
  version: 0.11.0
- category: main
  dependencies:
    python: ''
    six: '>=1.9'
    webencodings: ''
  hash:
    md5: b2355343d6315c892543200231d7154a
    sha256: 9ad06446fe9847e86cb20d220bf11614afcd2cbe9f58096f08d5d4018877bee4
  manager: conda
  name: html5lib
  optional: false
  platform: linux-64
  url: https://conda.anaconda.org/conda-forge/noarch/html5lib-1.1-pyh9f0ad1d_0.tar.bz2
  version: '1.1'
- category: main
  dependencies:
    more-itertools: ''
    python: '>=3.7'
  hash:
    md5: 6e2ef6e4a000db889c124f3927c24f7c
    sha256: 82f11df8c7464fe28eb6dab0ebd755aacd8d2b4f15ba97b769bdaee27983e4d8
  manager: conda
  name: jaraco.classes
  optional: false
  platform: linux-64
  url: https://conda.anaconda.org/conda-forge/noarch/jaraco.classes-3.2.2-pyhd8ed1ab_0.tar.bz2
  version: 3.2.2
- category: main
  dependencies:
    libgcc-ng: '>=10.3.0'
    libstdcxx-ng: '>=10.3.0'
    python: '>=3.10,<3.11.0a0'
    python_abi: 3.10.* *_cp310
  hash:
    md5: f4d36f8a44d689906b9ec4015f5fcd11
    sha256: 27dc8f2fb7d770de071320121f839aba5816192eadbf2a3af95a7fefba3a50b9
  manager: conda
  name: msgpack-python
  optional: false
  platform: linux-64
  url: https://conda.anaconda.org/conda-forge/linux-64/msgpack-python-1.0.3-py310hbf28c38_1.tar.bz2
  version: 1.0.3
- category: main
  dependencies:
    pyparsing: '>=2.0.2'
    python: '>=2.7'
  hash:
    md5: be69a38e912054a62dc82cc3c7711a64
    sha256: 887645177378f0d383b150259c7f255e9a1a47383872be118e197dc175718316
  manager: conda
  name: packaging
  optional: false
  platform: linux-64
  url: https://conda.anaconda.org/conda-forge/noarch/packaging-20.9-pyh44b312d_0.tar.bz2
  version: '20.9'
- category: main
  dependencies:
    ptyprocess: '>=0.5'
    python: ''
  hash:
    md5: 5909e7b978141dd80d28dbf9de627827
    sha256: 04eef875d461732ef22cd19bf2c989c40e73b5da625bf6a6b82ddae200e90e56
  manager: conda
  name: pexpect
  optional: false
  platform: linux-64
  url: https://conda.anaconda.org/conda-forge/noarch/pexpect-4.8.0-pyh9f0ad1d_2.tar.bz2
  version: 4.8.0
- category: main
  dependencies:
    python: '>=3.10,<3.11.0a0'
    python_abi: 3.10.* *_cp310
  hash:
    md5: 4c75b7766a1a1dd09d504c63cb5276e2
    sha256: c8953a9542a1df749037721722ae25316d416812f74728d85a7bd07e9a94268b
  manager: conda
  name: poetry-core
  optional: false
  platform: linux-64
  url: https://conda.anaconda.org/conda-forge/linux-64/poetry-core-1.0.8-py310hff52083_1.tar.bz2
  version: 1.0.8
- category: main
  dependencies:
    libgcc-ng: '>=10.3.0'
    python: '>=3.10,<3.11.0a0'
    python_abi: 3.10.* *_cp310
    yaml: '>=0.2.5,<0.3.0a0'
  hash:
    md5: 505dcf6be997e732d7a33831950dc3cf
    sha256: 754b44936f5d3444c831b47582a4e096636ae3e4f38ac6c559f89cba185a5abd
  manager: conda
  name: pyyaml
  optional: false
  platform: linux-64
  url: https://conda.anaconda.org/conda-forge/linux-64/pyyaml-6.0-py310h5764c6d_4.tar.bz2
  version: '6.0'
- category: main
  dependencies:
    libgcc-ng: '>=10.3.0'
    python: '>=3.10,<3.11.0a0'
    python_abi: 3.10.* *_cp310
  hash:
    md5: d1041635380788549a925fc30cd5815c
    sha256: f4e246d2ee51debb54fca6f0aa42e1e4d712fd4d2d3d1f0a296940c244b56cd2
  manager: conda
  name: ruamel.yaml.clib
  optional: false
  platform: linux-64
  url: https://conda.anaconda.org/conda-forge/linux-64/ruamel.yaml.clib-0.2.6-py310h5764c6d_1.tar.bz2
  version: 0.2.6
- category: main
  dependencies:
    certifi: '>=2016.9.26'
    python: '>=3.10,<3.11.0a0'
  hash:
    md5: 338d7c61510134b81ef69ebcbff5dec4
    sha256: d9ca66ebdcafcd177c1e686d31a715e5d50e9c0bb3bdf2b462a8652ed9df78c2
  manager: conda
  name: setuptools
  optional: false
  platform: linux-64
  url: https://repo.anaconda.com/pkgs/main/linux-64/setuptools-63.4.1-py310h06a4308_0.conda
  version: 63.4.1
- category: main
  dependencies:
    python: '>=3.6'
    typing: '>=3.6,<4.0'
  hash:
    md5: c57d6a6abb22c3796add680597ee0096
    sha256: 824543c373d6318c335f7c304ef38dec40fe8e0f88ad7c7db92e181e3c5b1170
  manager: conda
  name: tomlkit
  optional: false
  platform: linux-64
  url: https://conda.anaconda.org/conda-forge/noarch/tomlkit-0.11.4-pyha770c72_0.tar.bz2
  version: 0.11.4
- category: main
  dependencies:
    typing_extensions: 4.3.0 pyha770c72_0
  hash:
    md5: f3e98e944832fb271a0dbda7b7771dc6
    sha256: 57ea0e9a150b698f5a7b21b12987da7c321bb331fd07116ecced24eb1e056d2f
  manager: conda
  name: typing-extensions
  optional: false
  platform: linux-64
  url: https://conda.anaconda.org/conda-forge/noarch/typing-extensions-4.3.0-hd8ed1ab_0.tar.bz2
  version: 4.3.0
- category: main
  dependencies:
    distlib: '>=0.3.5,<1'
    filelock: '>=3.4.1,<4'
    platformdirs: '>=2.4,<3'
    python: '>=3.10,<3.11.0a0'
    python_abi: 3.10.* *_cp310
  hash:
    md5: e572565848d8d19e74983f4d122734a8
    sha256: de24921f0a7afd5753a9679656a7a872ab05233126d6849ddb005f1f98c1904c
  manager: conda
  name: virtualenv
  optional: false
  platform: linux-64
  url: https://conda.anaconda.org/conda-forge/linux-64/virtualenv-20.16.5-py310hff52083_0.tar.bz2
  version: 20.16.5
- category: main
  dependencies:
    cffi: '>=1.0.0'
    libgcc-ng: '>=7.5.0'
    python: '>=3.10,<3.11.0a0'
  hash:
    md5: a8dfa5aefcc49d5e78000b16d2b7714e
    sha256: c887a0aeba9ce2dab9ad891b676f0c1e43ca1fe7c6075ac3f14a052ccaa31d4a
  manager: conda
  name: brotlipy
  optional: false
  platform: linux-64
  url: https://repo.anaconda.com/pkgs/main/linux-64/brotlipy-0.7.0-py310h7f8727e_1002.conda
  version: 0.7.0
- category: main
  dependencies:
    clikit: '>=0.6.0,<0.7.0'
    python: '>=3.6'
  hash:
    md5: 4c82b11a3d06031bd58e7d869f53d965
    sha256: a3a5beaf5b4a5ba671580164e6b1da77837f9d69414b095bd3231e84a85f505c
  manager: conda
  name: cleo
  optional: false
  platform: linux-64
  url: https://conda.anaconda.org/conda-forge/noarch/cleo-0.8.1-pyhd8ed1ab_2.tar.bz2
  version: 0.8.1
- category: main
  dependencies:
    click: ''
    python: '>=3.6'
  hash:
    md5: 72a46ffc25701c173932fd55cf0965d3
    sha256: 7384b6c194f9822d7cc2c9d82409b2fd571fad96f95e6e27c9098f63772d36fd
  manager: conda
  name: click-default-group
  optional: false
  platform: linux-64
  url: https://conda.anaconda.org/conda-forge/noarch/click-default-group-1.2.2-pyhd8ed1ab_1.tar.bz2
  version: 1.2.2
- category: main
  dependencies:
    cffi: '>=1.12'
    libgcc-ng: ''
    openssl: ''
    python: '>=3.10,<3.11.0a0'
  hash:
    md5: d79b4926a9e7c333e99f352261e9ecca
    sha256: 14ecbe0728c0d7e7a77a07816dae64f1e385e8da265cc7121b7cd581653aba4c
  manager: conda
  name: cryptography
  optional: false
  platform: linux-64
  url: https://repo.anaconda.com/pkgs/main/linux-64/cryptography-37.0.1-py310h9ce1e76_0.conda
  version: 37.0.1
- category: main
  dependencies:
    markupsafe: '>=0.23'
    python: ''
    setuptools: ''
  hash:
    md5: ca09ae9e8fd75176f050af93410ef8ac
    sha256: 5fd30327b23ebade55e571c65eef8b7d54b10512df56ffb2678981cc384dd34e
  manager: conda
  name: jinja2
  optional: false
  platform: linux-64
  url: https://repo.anaconda.com/pkgs/main/noarch/jinja2-2.11.3-pyhd3eb1b0_0.conda
  version: 2.11.3
- category: main
  dependencies:
    python: '>=3.7'
    setuptools: ''
    wheel: ''
  hash:
    md5: 0b43abe4d3ee93e82742d37def53a836
    sha256: 507ae896a2f9ccc7bbedc2f7fd10dc2ac666575769b55b5e94ca44b86db193e0
  manager: conda
  name: pip
  optional: false
  platform: linux-64
  url: https://conda.anaconda.org/conda-forge/noarch/pip-22.2.2-pyhd8ed1ab_0.tar.bz2
  version: 22.2.2
- category: main
  dependencies:
    libgcc-ng: '>=10.3.0'
    python: '>=3.10,<3.11.0a0'
    python_abi: 3.10.* *_cp310
    typing-extensions: '>=3.7.4.3'
  hash:
    md5: f8efec1d3f81afde48e001ae8e1bdfdf
    sha256: bb7ac2178b6aa36e8181c3e6e0c69f7db769bfcf539e0291b5a158827e2d3151
  manager: conda
  name: pydantic
  optional: false
  platform: linux-64
  url: https://conda.anaconda.org/conda-forge/linux-64/pydantic-1.9.1-py310h5764c6d_0.tar.bz2
  version: 1.9.1
- category: main
  dependencies:
    libgcc-ng: '>=10.3.0'
    python: '>=3.10,<3.11.0a0'
    python_abi: 3.10.* *_cp310
    ruamel.yaml.clib: '>=0.1.2'
    setuptools: ''
  hash:
    md5: 4fbfd9a04f43ab4e8c5304a5426f45ad
    sha256: 855cdd116b7d428c9d8117ecbd6b68aa5cb74e1d3917df21585b104af9d6acea
  manager: conda
  name: ruamel.yaml
  optional: false
  platform: linux-64
  url: https://conda.anaconda.org/conda-forge/linux-64/ruamel.yaml-0.17.21-py310h5764c6d_1.tar.bz2
  version: 0.17.21
- category: main
  dependencies:
    cryptography: '>=35.0'
    python: '>=3.6'
  hash:
    md5: 1dbbf9422269cd62c7094960d9b43f36
    sha256: 0a0629a3816bd639f1b1a94dd2fd521ad407e55bfd6532154dce22cddb875783
  manager: conda
  name: pyopenssl
  optional: false
  platform: linux-64
  url: https://repo.anaconda.com/pkgs/main/noarch/pyopenssl-22.0.0-pyhd3eb1b0_0.conda
  version: 22.0.0
- category: main
  dependencies:
    cryptography: ''
    dbus: ''
    jeepney: '>=0.6'
    python: '>=3.10,<3.11.0a0'
    python_abi: 3.10.* *_cp310
  hash:
    md5: 1b2e6e68e1127289cbdbc664bbaea5b3
    sha256: a57dab9011a9275e5f17370f4851ee5924fbaee2002e669956a7e3b669cca694
  manager: conda
  name: secretstorage
  optional: false
  platform: linux-64
  url: https://conda.anaconda.org/conda-forge/linux-64/secretstorage-3.3.3-py310hff52083_0.tar.bz2
  version: 3.3.3
- category: main
  dependencies:
    jaraco.classes: ''
    jeepney: '>=0.4.2'
    python: '>=3.10,<3.11.0a0'
    python_abi: 3.10.* *_cp310
    secretstorage: '>=3.2'
  hash:
    md5: cb9e424e037e3412baa616afb1ba2a19
    sha256: d57b7cada9685fd36f471f5702f89a059a829c2a24a61dd3b07654e68be0f68f
  manager: conda
  name: keyring
  optional: false
  platform: linux-64
  url: https://conda.anaconda.org/conda-forge/linux-64/keyring-23.9.1-py310hff52083_0.tar.bz2
  version: 23.9.1
- category: main
  dependencies:
    brotlipy: '>=0.6.0'
    certifi: ''
    cryptography: '>=1.3.4'
    idna: '>=2.0.0'
    pyopenssl: '>=0.14'
    pysocks: '>=1.5.6,<2.0,!=1.5.7'
    python: '>=3.10,<3.11.0a0'
  hash:
    md5: b46191afe3480f336bfa2749810e417b
    sha256: aaf72e84be96e24076545634f102c9dd9a190e6a4aaa198fd92e3a6b6c9d946a
  manager: conda
  name: urllib3
  optional: false
  platform: linux-64
  url: https://repo.anaconda.com/pkgs/main/linux-64/urllib3-1.26.11-py310h06a4308_0.conda
  version: 1.26.11
- category: main
  dependencies:
    certifi: '>=2017.4.17'
    charset-normalizer: '>=2.0.0,<3'
    idna: '>=2.5,<4'
    python: '>=3.10,<3.11.0a0'
    urllib3: '>=1.21.1,<1.27'
  hash:
    md5: 40bbc3476dde7f941c78c2b10fd73166
    sha256: ca4c09b84a1b9cd2f26fac79d1a8911c6d793a7dbcb6721848a9aaf934c9ff62
  manager: conda
  name: requests
  optional: false
  platform: linux-64
  url: https://repo.anaconda.com/pkgs/main/linux-64/requests-2.28.1-py310h06a4308_0.conda
  version: 2.28.1
- category: main
  dependencies:
    msgpack-python: '>=0.5.2'
    python: '>=3.6'
    requests: ''
  hash:
    md5: 6eefee9888f33f150b5d44d616b1a613
    sha256: c863c2bf200008e255f69bececda3477c1bb23e2b63a82612099a91a418ca2ea
  manager: conda
  name: cachecontrol
  optional: false
  platform: linux-64
  url: https://conda.anaconda.org/conda-forge/noarch/cachecontrol-0.12.11-pyhd8ed1ab_0.tar.bz2
  version: 0.12.11
- category: main
  dependencies:
    conda-package-handling: '>=1.3.0'
    cytoolz: '>=0.8.1'
    pycosat: '>=0.6.3'
    pyopenssl: '>=16.2.0'
    python: '>=3.10,<3.11.0a0'
    requests: '>=2.20.1,<3'
    ruamel_yaml: '>=0.11.14,<0.17'
    setuptools: '>=31.0.1'
  hash:
    md5: 947dc1a55ae2e93bc0b0669523658455
    sha256: 6f70176b3ea493e27d6bea9c6cd09c44be622a096a06369091c6bce4dc593efc
  manager: conda
  name: conda
  optional: false
  platform: linux-64
  url: https://repo.anaconda.com/pkgs/main/linux-64/conda-4.14.0-py310h06a4308_0.conda
  version: 4.14.0
- category: main
  dependencies:
    appdirs: ''
    click: '>=5.1'
    filelock: ''
    python: '>=3.7'
    requests: '>=2'
  hash:
    md5: c99ae3abf501990769047b4b40a98f17
    sha256: b71784b6c24d2320b2f796d074e75e7dd1be7b7fc0f719c5cf3a582270b368d6
  manager: conda
  name: ensureconda
  optional: false
  platform: linux-64
  url: https://conda.anaconda.org/conda-forge/noarch/ensureconda-1.4.3-pyhd8ed1ab_0.tar.bz2
  version: 1.4.3
- category: main
  dependencies:
    python: ''
    requests: '>=2.0.1,<=3.0.0'
  hash:
    md5: 402668adee8fcba9a9c265cdc2a88f5a
    sha256: 1f2f3329127844be226bdc9bd9922d84a8767ae208d4a650c3ba655c84cb1e1c
  manager: conda
  name: requests-toolbelt
  optional: false
  platform: linux-64
  url: https://conda.anaconda.org/conda-forge/noarch/requests-toolbelt-0.9.1-py_0.tar.bz2
  version: 0.9.1
- category: main
  dependencies:
    beautifulsoup4: ''
    chardet: ''
    conda: '>=4.5'
    conda-package-handling: '>=1.3'
    filelock: ''
    glob2: '>=0.6'
    jinja2: <3.0.0a0
    patch: '>=2.6'
    patchelf: ''
    pkginfo: ''
    psutil: ''
    py-lief: ''
    python: '>=3.10,<3.11.0a0'
    python-libarchive-c: ''
    pytz: ''
    pyyaml: ''
    requests: ''
    ripgrep: ''
    setuptools: ''
    six: ''
    toml: ''
    tqdm: ''
  hash:
    md5: 8c3f105a4f4514f5c0f9c5253f17e6eb
    sha256: 02dbe9b0a7175c3ababf5cbd70c04ef03ffac87779e0525e5f9992f287369bb8
  manager: conda
  name: conda-build
  optional: false
  platform: linux-64
  url: https://repo.anaconda.com/pkgs/main/linux-64/conda-build-3.22.0-py310h06a4308_0.conda
  version: 3.22.0
- category: main
  dependencies:
    cachecontrol: '>=0.12.9,<0.13.0'
    cachy: '>=0.3.0,<0.4.0'
    cleo: '>=0.8.1,<0.9.0'
    clikit: '>=0.6.2,<0.7.0'
    crashtest: '>=0.3.0,<0.4.0'
    html5lib: '>=1.0,<2.0'
    keyring: '>=21.2.0'
    lockfile: '>=0.9'
    packaging: '>=20.4,<21.0'
    pexpect: '>=4.7.0,<5.0.0'
    pkginfo: '>=1.4,<2.0'
    poetry-core: '>=1.0.7,<1.1.0'
    ptyprocess: '>=0.5'
    python: '>=3.10,<3.11.0a0'
    python_abi: 3.10.* *_cp310
    requests: '>=2.18,<3.0'
    requests-toolbelt: '>=0.9.1,<0.10.0'
    shellingham: '>=1.1,<2.0'
    tomlkit: '>=0.7.0,<1.0.0'
    virtualenv: '>=20.0.26,<21.0.0'
  hash:
    md5: b649458325600e5c060a3ab0a3470295
    sha256: c91bcca6410d419b498970dbeeda4ae4d3d73aa4d0a2b197c3dd4298f0f872b1
  manager: conda
  name: poetry
  optional: false
  platform: linux-64
  url: https://conda.anaconda.org/conda-forge/linux-64/poetry-1.1.15-py310hff52083_0.tar.bz2
  version: 1.1.15
- category: main
  dependencies:
    click: '>=8.0'
    click-default-group: ''
    ensureconda: '>=1.3'
    jinja2: ''
    poetry: ''
    pydantic: '>=1.8.1'
    python: '>=3.6'
    pyyaml: '>=5.1'
    requests: '>=2'
    ruamel.yaml: ''
    setuptools: ''
    toml: ''
    typing-extensions: ''
  hash:
    md5: 2d1c6d733a45b168eef7acc6212109ed
    sha256: 023ffdae76edde9f2d3fc6a8696cc8d8a60d61b2b8ae6d951f4e4802e47ef606
  manager: conda
  name: conda-lock
  optional: false
  platform: linux-64
  url: https://conda.anaconda.org/conda-forge/noarch/conda-lock-1.1.1-pyhd8ed1ab_0.tar.bz2
  version: 1.1.1
version: 1
